// !$*UTF8*$!
{
	archiveVersion = 1;
	classes = {
	};
	objectVersion = 56;
	objects = {

/* Begin PBXBuildFile section */
		E41A8C372BC5ADDA00FBD971 /* ContextFyApp.swift in Sources */ = {isa = PBXBuildFile; fileRef = E41A8C362BC5ADDA00FBD971 /* ContextFyApp.swift */; };
		E41A8C392BC5ADDA00FBD971 /* ContentView.swift in Sources */ = {isa = PBXBuildFile; fileRef = E41A8C382BC5ADDA00FBD971 /* ContentView.swift */; };
		E41A8C3B2BC5ADDC00FBD971 /* Assets.xcassets in Resources */ = {isa = PBXBuildFile; fileRef = E41A8C3A2BC5ADDC00FBD971 /* Assets.xcassets */; };
		E41A8C3E2BC5ADDC00FBD971 /* Preview Assets.xcassets in Resources */ = {isa = PBXBuildFile; fileRef = E41A8C3D2BC5ADDC00FBD971 /* Preview Assets.xcassets */; };
		E41A8C4B2BC5B98300FBD971 /* AuthWebView.swift in Sources */ = {isa = PBXBuildFile; fileRef = E41A8C4A2BC5B98300FBD971 /* AuthWebView.swift */; };
		E41A8C562BC5F38800FBD971 /* AuthView.swift in Sources */ = {isa = PBXBuildFile; fileRef = E41A8C552BC5F38800FBD971 /* AuthView.swift */; };
		E41A8C592BC5F86400FBD971 /* ContainerView.swift in Sources */ = {isa = PBXBuildFile; fileRef = E41A8C582BC5F86400FBD971 /* ContainerView.swift */; };
		E41A8C5C2BC5F93300FBD971 /* AccountView.swift in Sources */ = {isa = PBXBuildFile; fileRef = E41A8C5B2BC5F93300FBD971 /* AccountView.swift */; };
		E41A8C5F2BC5FA0300FBD971 /* HomeView.swift in Sources */ = {isa = PBXBuildFile; fileRef = E41A8C5E2BC5FA0300FBD971 /* HomeView.swift */; };
		E41A8C642BC616B400FBD971 /* CachedImageView.swift in Sources */ = {isa = PBXBuildFile; fileRef = E41A8C632BC616B400FBD971 /* CachedImageView.swift */; };
		E42DAE452BEB09E4001ED9A0 /* FirstArtistSelectionView.swift in Sources */ = {isa = PBXBuildFile; fileRef = E42DAE442BEB09E4001ED9A0 /* FirstArtistSelectionView.swift */; };
		E42DAE482BEB155A001ED9A0 /* ContextsView.swift in Sources */ = {isa = PBXBuildFile; fileRef = E42DAE472BEB155A001ED9A0 /* ContextsView.swift */; };
		E42DAE4B2BEB166E001ED9A0 /* PlaylistsView.swift in Sources */ = {isa = PBXBuildFile; fileRef = E42DAE4A2BEB166E001ED9A0 /* PlaylistsView.swift */; };
		E42DAE4D2BEB17DE001ED9A0 /* PlaylistItemView.swift in Sources */ = {isa = PBXBuildFile; fileRef = E42DAE4C2BEB17DE001ED9A0 /* PlaylistItemView.swift */; };
		E42EE7242BCDE22A00060CB7 /* ArtistView.swift in Sources */ = {isa = PBXBuildFile; fileRef = E42EE7232BCDE22900060CB7 /* ArtistView.swift */; };
		E42EE7272BCDE4C800060CB7 /* ArtistsView.swift in Sources */ = {isa = PBXBuildFile; fileRef = E42EE7262BCDE4C800060CB7 /* ArtistsView.swift */; };
		E48D46C22CB86A4E003AE862 /* Alamofire in Frameworks */ = {isa = PBXBuildFile; productRef = E48D46C12CB86A4E003AE862 /* Alamofire */; };
		E48D46C42CB86A4E003AE862 /* AlamofireDynamic in Frameworks */ = {isa = PBXBuildFile; productRef = E48D46C32CB86A4E003AE862 /* AlamofireDynamic */; };
		E48D46C62CB86AF6003AE862 /* ApiClient.swift in Sources */ = {isa = PBXBuildFile; fileRef = E48D46C52CB86AF6003AE862 /* ApiClient.swift */; };
		E48D46C82CB870C7003AE862 /* AuthInterceptor.swift in Sources */ = {isa = PBXBuildFile; fileRef = E48D46C72CB870C7003AE862 /* AuthInterceptor.swift */; };
		E48D46CB2CB87385003AE862 /* ProfileRepository.swift in Sources */ = {isa = PBXBuildFile; fileRef = E48D46CA2CB87385003AE862 /* ProfileRepository.swift */; };
		E48D46CE2CB874F1003AE862 /* Models.swift in Sources */ = {isa = PBXBuildFile; fileRef = E48D46CD2CB874F1003AE862 /* Models.swift */; };
		E4C63A522BF3E20C004750A4 /* SystemIcons.swift in Sources */ = {isa = PBXBuildFile; fileRef = E4C63A512BF3E20C004750A4 /* SystemIcons.swift */; };
		E4C63A552BF3E319004750A4 /* GendersView.swift in Sources */ = {isa = PBXBuildFile; fileRef = E4C63A542BF3E319004750A4 /* GendersView.swift */; };
		E4C63A572BF3E61C004750A4 /* Constants.swift in Sources */ = {isa = PBXBuildFile; fileRef = E4C63A562BF3E61C004750A4 /* Constants.swift */; };
		E4C63A592BF3E95B004750A4 /* FirstGenderSelectionView.swift in Sources */ = {isa = PBXBuildFile; fileRef = E4C63A582BF3E95B004750A4 /* FirstGenderSelectionView.swift */; };
		E4C63A5B2BF433FB004750A4 /* PlayerView.swift in Sources */ = {isa = PBXBuildFile; fileRef = E4C63A5A2BF433FB004750A4 /* PlayerView.swift */; };
		E4D482DD2BC9E7F3008616F1 /* TrackView.swift in Sources */ = {isa = PBXBuildFile; fileRef = E4D482DC2BC9E7F3008616F1 /* TrackView.swift */; };
/* End PBXBuildFile section */

/* Begin PBXFileReference section */
		E41A8C332BC5ADDA00FBD971 /* ContextFy.app */ = {isa = PBXFileReference; explicitFileType = wrapper.application; includeInIndex = 0; path = ContextFy.app; sourceTree = BUILT_PRODUCTS_DIR; };
		E41A8C362BC5ADDA00FBD971 /* ContextFyApp.swift */ = {isa = PBXFileReference; lastKnownFileType = sourcecode.swift; path = ContextFyApp.swift; sourceTree = "<group>"; };
		E41A8C382BC5ADDA00FBD971 /* ContentView.swift */ = {isa = PBXFileReference; lastKnownFileType = sourcecode.swift; path = ContentView.swift; sourceTree = "<group>"; };
		E41A8C3A2BC5ADDC00FBD971 /* Assets.xcassets */ = {isa = PBXFileReference; lastKnownFileType = folder.assetcatalog; path = Assets.xcassets; sourceTree = "<group>"; };
		E41A8C3D2BC5ADDC00FBD971 /* Preview Assets.xcassets */ = {isa = PBXFileReference; lastKnownFileType = folder.assetcatalog; path = "Preview Assets.xcassets"; sourceTree = "<group>"; };
		E41A8C4A2BC5B98300FBD971 /* AuthWebView.swift */ = {isa = PBXFileReference; lastKnownFileType = sourcecode.swift; path = AuthWebView.swift; sourceTree = "<group>"; };
		E41A8C552BC5F38800FBD971 /* AuthView.swift */ = {isa = PBXFileReference; lastKnownFileType = sourcecode.swift; path = AuthView.swift; sourceTree = "<group>"; };
		E41A8C582BC5F86400FBD971 /* ContainerView.swift */ = {isa = PBXFileReference; lastKnownFileType = sourcecode.swift; path = ContainerView.swift; sourceTree = "<group>"; };
		E41A8C5B2BC5F93300FBD971 /* AccountView.swift */ = {isa = PBXFileReference; lastKnownFileType = sourcecode.swift; path = AccountView.swift; sourceTree = "<group>"; };
		E41A8C5E2BC5FA0300FBD971 /* HomeView.swift */ = {isa = PBXFileReference; lastKnownFileType = sourcecode.swift; path = HomeView.swift; sourceTree = "<group>"; };
		E41A8C632BC616B400FBD971 /* CachedImageView.swift */ = {isa = PBXFileReference; lastKnownFileType = sourcecode.swift; path = CachedImageView.swift; sourceTree = "<group>"; };
		E42DAE442BEB09E4001ED9A0 /* FirstArtistSelectionView.swift */ = {isa = PBXFileReference; lastKnownFileType = sourcecode.swift; path = FirstArtistSelectionView.swift; sourceTree = "<group>"; };
		E42DAE472BEB155A001ED9A0 /* ContextsView.swift */ = {isa = PBXFileReference; lastKnownFileType = sourcecode.swift; path = ContextsView.swift; sourceTree = "<group>"; };
		E42DAE4A2BEB166E001ED9A0 /* PlaylistsView.swift */ = {isa = PBXFileReference; lastKnownFileType = sourcecode.swift; path = PlaylistsView.swift; sourceTree = "<group>"; };
		E42DAE4C2BEB17DE001ED9A0 /* PlaylistItemView.swift */ = {isa = PBXFileReference; lastKnownFileType = sourcecode.swift; path = PlaylistItemView.swift; sourceTree = "<group>"; };
		E42EE7232BCDE22900060CB7 /* ArtistView.swift */ = {isa = PBXFileReference; lastKnownFileType = sourcecode.swift; path = ArtistView.swift; sourceTree = "<group>"; };
		E42EE7262BCDE4C800060CB7 /* ArtistsView.swift */ = {isa = PBXFileReference; lastKnownFileType = sourcecode.swift; path = ArtistsView.swift; sourceTree = "<group>"; };
		E48D46C52CB86AF6003AE862 /* ApiClient.swift */ = {isa = PBXFileReference; lastKnownFileType = sourcecode.swift; path = ApiClient.swift; sourceTree = "<group>"; };
		E48D46C72CB870C7003AE862 /* AuthInterceptor.swift */ = {isa = PBXFileReference; lastKnownFileType = sourcecode.swift; path = AuthInterceptor.swift; sourceTree = "<group>"; };
		E48D46CA2CB87385003AE862 /* ProfileRepository.swift */ = {isa = PBXFileReference; lastKnownFileType = sourcecode.swift; path = ProfileRepository.swift; sourceTree = "<group>"; };
		E48D46CD2CB874F1003AE862 /* Models.swift */ = {isa = PBXFileReference; lastKnownFileType = sourcecode.swift; path = Models.swift; sourceTree = "<group>"; };
		E4C63A512BF3E20C004750A4 /* SystemIcons.swift */ = {isa = PBXFileReference; lastKnownFileType = sourcecode.swift; path = SystemIcons.swift; sourceTree = "<group>"; };
		E4C63A542BF3E319004750A4 /* GendersView.swift */ = {isa = PBXFileReference; lastKnownFileType = sourcecode.swift; path = GendersView.swift; sourceTree = "<group>"; };
		E4C63A562BF3E61C004750A4 /* Constants.swift */ = {isa = PBXFileReference; lastKnownFileType = sourcecode.swift; path = Constants.swift; sourceTree = "<group>"; };
		E4C63A582BF3E95B004750A4 /* FirstGenderSelectionView.swift */ = {isa = PBXFileReference; lastKnownFileType = sourcecode.swift; path = FirstGenderSelectionView.swift; sourceTree = "<group>"; };
		E4C63A5A2BF433FB004750A4 /* PlayerView.swift */ = {isa = PBXFileReference; lastKnownFileType = sourcecode.swift; path = PlayerView.swift; sourceTree = "<group>"; };
		E4D482DC2BC9E7F3008616F1 /* TrackView.swift */ = {isa = PBXFileReference; lastKnownFileType = sourcecode.swift; path = TrackView.swift; sourceTree = "<group>"; };
/* End PBXFileReference section */

/* Begin PBXFrameworksBuildPhase section */
		E41A8C302BC5ADDA00FBD971 /* Frameworks */ = {
			isa = PBXFrameworksBuildPhase;
			buildActionMask = 2147483647;
			files = (
				E48D46C22CB86A4E003AE862 /* Alamofire in Frameworks */,
				E48D46C42CB86A4E003AE862 /* AlamofireDynamic in Frameworks */,
			);
			runOnlyForDeploymentPostprocessing = 0;
		};
/* End PBXFrameworksBuildPhase section */

/* Begin PBXGroup section */
		E41A8C2A2BC5ADDA00FBD971 = {
			isa = PBXGroup;
			children = (
				E41A8C352BC5ADDA00FBD971 /* ContextFy */,
				E41A8C342BC5ADDA00FBD971 /* Products */,
			);
			sourceTree = "<group>";
		};
		E41A8C342BC5ADDA00FBD971 /* Products */ = {
			isa = PBXGroup;
			children = (
				E41A8C332BC5ADDA00FBD971 /* ContextFy.app */,
			);
			name = Products;
			sourceTree = "<group>";
		};
		E41A8C352BC5ADDA00FBD971 /* ContextFy */ = {
			isa = PBXGroup;
			children = (
				E41A8C622BC616A200FBD971 /* Shared */,
				E41A8C512BC5D59700FBD971 /* Core */,
				E41A8C4C2BC5CEB900FBD971 /* Modules */,
				E41A8C362BC5ADDA00FBD971 /* ContextFyApp.swift */,
				E41A8C382BC5ADDA00FBD971 /* ContentView.swift */,
				E41A8C3A2BC5ADDC00FBD971 /* Assets.xcassets */,
				E41A8C3C2BC5ADDC00FBD971 /* Preview Content */,
			);
			path = ContextFy;
			sourceTree = "<group>";
		};
		E41A8C3C2BC5ADDC00FBD971 /* Preview Content */ = {
			isa = PBXGroup;
			children = (
				E41A8C3D2BC5ADDC00FBD971 /* Preview Assets.xcassets */,
			);
			path = "Preview Content";
			sourceTree = "<group>";
		};
		E41A8C4C2BC5CEB900FBD971 /* Modules */ = {
			isa = PBXGroup;
			children = (
				E4C63A532BF3E30D004750A4 /* Genders */,
				E42DAE492BEB165D001ED9A0 /* Playlists */,
				E42DAE462BEB154D001ED9A0 /* Contexts */,
				E42EE7252BCDE4B500060CB7 /* Artists */,
				E41A8C5D2BC5F9F100FBD971 /* Home */,
				E41A8C5A2BC5F92800FBD971 /* Account */,
				E41A8C572BC5F84D00FBD971 /* Container */,
				E41A8C542BC5F37F00FBD971 /* Auth */,
			);
			path = Modules;
			sourceTree = "<group>";
		};
		E41A8C512BC5D59700FBD971 /* Core */ = {
			isa = PBXGroup;
			children = (
				E48D46C52CB86AF6003AE862 /* ApiClient.swift */,
			);
			path = Core;
			sourceTree = "<group>";
		};
		E41A8C542BC5F37F00FBD971 /* Auth */ = {
			isa = PBXGroup;
			children = (
				E41A8C4A2BC5B98300FBD971 /* AuthWebView.swift */,
				E41A8C552BC5F38800FBD971 /* AuthView.swift */,
				E48D46C72CB870C7003AE862 /* AuthInterceptor.swift */,
			);
			path = Auth;
			sourceTree = "<group>";
		};
		E41A8C572BC5F84D00FBD971 /* Container */ = {
			isa = PBXGroup;
			children = (
				E41A8C582BC5F86400FBD971 /* ContainerView.swift */,
			);
			path = Container;
			sourceTree = "<group>";
		};
		E41A8C5A2BC5F92800FBD971 /* Account */ = {
			isa = PBXGroup;
			children = (
				E41A8C5B2BC5F93300FBD971 /* AccountView.swift */,
			);
			path = Account;
			sourceTree = "<group>";
		};
		E41A8C5D2BC5F9F100FBD971 /* Home */ = {
			isa = PBXGroup;
			children = (
				E41A8C5E2BC5FA0300FBD971 /* HomeView.swift */,
				E42DAE442BEB09E4001ED9A0 /* FirstArtistSelectionView.swift */,
				E4C63A582BF3E95B004750A4 /* FirstGenderSelectionView.swift */,
				E4C63A5A2BF433FB004750A4 /* PlayerView.swift */,
			);
			path = Home;
			sourceTree = "<group>";
		};
		E41A8C622BC616A200FBD971 /* Shared */ = {
			isa = PBXGroup;
			children = (
				E48D46C92CB87366003AE862 /* Repositories */,
				E4C63A502BF3E1E8004750A4 /* Views */,
				E4C63A512BF3E20C004750A4 /* SystemIcons.swift */,
				E4C63A562BF3E61C004750A4 /* Constants.swift */,
				E48D46CD2CB874F1003AE862 /* Models.swift */,
			);
			path = Shared;
			sourceTree = "<group>";
		};
		E42DAE462BEB154D001ED9A0 /* Contexts */ = {
			isa = PBXGroup;
			children = (
				E42DAE472BEB155A001ED9A0 /* ContextsView.swift */,
			);
			path = Contexts;
			sourceTree = "<group>";
		};
		E42DAE492BEB165D001ED9A0 /* Playlists */ = {
			isa = PBXGroup;
			children = (
				E42DAE4A2BEB166E001ED9A0 /* PlaylistsView.swift */,
			);
			path = Playlists;
			sourceTree = "<group>";
		};
		E42EE7252BCDE4B500060CB7 /* Artists */ = {
			isa = PBXGroup;
			children = (
				E42EE7262BCDE4C800060CB7 /* ArtistsView.swift */,
			);
			path = Artists;
			sourceTree = "<group>";
		};
		E48D46C92CB87366003AE862 /* Repositories */ = {
			isa = PBXGroup;
			children = (
				E48D46CA2CB87385003AE862 /* ProfileRepository.swift */,
			);
			path = Repositories;
			sourceTree = "<group>";
		};
		E4C63A502BF3E1E8004750A4 /* Views */ = {
			isa = PBXGroup;
			children = (
				E42EE7232BCDE22900060CB7 /* ArtistView.swift */,
				E42DAE4C2BEB17DE001ED9A0 /* PlaylistItemView.swift */,
				E4D482DC2BC9E7F3008616F1 /* TrackView.swift */,
				E41A8C632BC616B400FBD971 /* CachedImageView.swift */,
			);
			path = Views;
			sourceTree = "<group>";
		};
		E4C63A532BF3E30D004750A4 /* Genders */ = {
			isa = PBXGroup;
			children = (
				E4C63A542BF3E319004750A4 /* GendersView.swift */,
			);
			path = Genders;
			sourceTree = "<group>";
		};
/* End PBXGroup section */

/* Begin PBXNativeTarget section */
		E41A8C322BC5ADDA00FBD971 /* ContextFy */ = {
			isa = PBXNativeTarget;
			buildConfigurationList = E41A8C412BC5ADDC00FBD971 /* Build configuration list for PBXNativeTarget "ContextFy" */;
			buildPhases = (
				E41A8C2F2BC5ADDA00FBD971 /* Sources */,
				E41A8C302BC5ADDA00FBD971 /* Frameworks */,
				E41A8C312BC5ADDA00FBD971 /* Resources */,
			);
			buildRules = (
			);
			dependencies = (
			);
			name = ContextFy;
			packageProductDependencies = (
				E48D46C12CB86A4E003AE862 /* Alamofire */,
				E48D46C32CB86A4E003AE862 /* AlamofireDynamic */,
			);
			productName = ContextFy;
			productReference = E41A8C332BC5ADDA00FBD971 /* ContextFy.app */;
			productType = "com.apple.product-type.application";
		};
/* End PBXNativeTarget section */

/* Begin PBXProject section */
		E41A8C2B2BC5ADDA00FBD971 /* Project object */ = {
			isa = PBXProject;
			attributes = {
				BuildIndependentTargetsInParallel = 1;
				LastSwiftUpdateCheck = 1520;
				LastUpgradeCheck = 1520;
				TargetAttributes = {
					E41A8C322BC5ADDA00FBD971 = {
						CreatedOnToolsVersion = 15.2;
					};
				};
			};
			buildConfigurationList = E41A8C2E2BC5ADDA00FBD971 /* Build configuration list for PBXProject "ContextFy" */;
			compatibilityVersion = "Xcode 14.0";
			developmentRegion = "pt-BR";
			hasScannedForEncodings = 0;
			knownRegions = (
				Base,
				"pt-BR",
			);
			mainGroup = E41A8C2A2BC5ADDA00FBD971;
			packageReferences = (
				E48D46C02CB86A4E003AE862 /* XCRemoteSwiftPackageReference "Alamofire" */,
			);
			productRefGroup = E41A8C342BC5ADDA00FBD971 /* Products */;
			projectDirPath = "";
			projectRoot = "";
			targets = (
				E41A8C322BC5ADDA00FBD971 /* ContextFy */,
			);
		};
/* End PBXProject section */

/* Begin PBXResourcesBuildPhase section */
		E41A8C312BC5ADDA00FBD971 /* Resources */ = {
			isa = PBXResourcesBuildPhase;
			buildActionMask = 2147483647;
			files = (
				E41A8C3E2BC5ADDC00FBD971 /* Preview Assets.xcassets in Resources */,
				E41A8C3B2BC5ADDC00FBD971 /* Assets.xcassets in Resources */,
			);
			runOnlyForDeploymentPostprocessing = 0;
		};
/* End PBXResourcesBuildPhase section */

/* Begin PBXSourcesBuildPhase section */
		E41A8C2F2BC5ADDA00FBD971 /* Sources */ = {
			isa = PBXSourcesBuildPhase;
			buildActionMask = 2147483647;
			files = (
				E42EE7272BCDE4C800060CB7 /* ArtistsView.swift in Sources */,
				E4C63A552BF3E319004750A4 /* GendersView.swift in Sources */,
				E41A8C592BC5F86400FBD971 /* ContainerView.swift in Sources */,
				E42EE7242BCDE22A00060CB7 /* ArtistView.swift in Sources */,
				E4D482DD2BC9E7F3008616F1 /* TrackView.swift in Sources */,
				E4C63A572BF3E61C004750A4 /* Constants.swift in Sources */,
				E4C63A592BF3E95B004750A4 /* FirstGenderSelectionView.swift in Sources */,
				E4C63A5B2BF433FB004750A4 /* PlayerView.swift in Sources */,
				E42DAE482BEB155A001ED9A0 /* ContextsView.swift in Sources */,
				E41A8C392BC5ADDA00FBD971 /* ContentView.swift in Sources */,
				E42DAE4B2BEB166E001ED9A0 /* PlaylistsView.swift in Sources */,
				E41A8C4B2BC5B98300FBD971 /* AuthWebView.swift in Sources */,
				E48D46C82CB870C7003AE862 /* AuthInterceptor.swift in Sources */,
				E4C63A522BF3E20C004750A4 /* SystemIcons.swift in Sources */,
				E41A8C372BC5ADDA00FBD971 /* ContextFyApp.swift in Sources */,
				E42DAE4D2BEB17DE001ED9A0 /* PlaylistItemView.swift in Sources */,
				E41A8C642BC616B400FBD971 /* CachedImageView.swift in Sources */,
				E41A8C5F2BC5FA0300FBD971 /* HomeView.swift in Sources */,
				E48D46CB2CB87385003AE862 /* ProfileRepository.swift in Sources */,
				E41A8C562BC5F38800FBD971 /* AuthView.swift in Sources */,
				E41A8C5C2BC5F93300FBD971 /* AccountView.swift in Sources */,
				E48D46CE2CB874F1003AE862 /* Models.swift in Sources */,
				E42DAE452BEB09E4001ED9A0 /* FirstArtistSelectionView.swift in Sources */,
				E48D46C62CB86AF6003AE862 /* ApiClient.swift in Sources */,
			);
			runOnlyForDeploymentPostprocessing = 0;
		};
/* End PBXSourcesBuildPhase section */

/* Begin XCBuildConfiguration section */
		E41A8C3F2BC5ADDC00FBD971 /* Debug */ = {
			isa = XCBuildConfiguration;
			buildSettings = {
				ALWAYS_SEARCH_USER_PATHS = NO;
				ASSETCATALOG_COMPILER_GENERATE_SWIFT_ASSET_SYMBOL_EXTENSIONS = YES;
				CLANG_ANALYZER_NONNULL = YES;
				CLANG_ANALYZER_NUMBER_OBJECT_CONVERSION = YES_AGGRESSIVE;
				CLANG_CXX_LANGUAGE_STANDARD = "gnu++20";
				CLANG_ENABLE_MODULES = YES;
				CLANG_ENABLE_OBJC_ARC = YES;
				CLANG_ENABLE_OBJC_WEAK = YES;
				CLANG_WARN_BLOCK_CAPTURE_AUTORELEASING = YES;
				CLANG_WARN_BOOL_CONVERSION = YES;
				CLANG_WARN_COMMA = YES;
				CLANG_WARN_CONSTANT_CONVERSION = YES;
				CLANG_WARN_DEPRECATED_OBJC_IMPLEMENTATIONS = YES;
				CLANG_WARN_DIRECT_OBJC_ISA_USAGE = YES_ERROR;
				CLANG_WARN_DOCUMENTATION_COMMENTS = YES;
				CLANG_WARN_EMPTY_BODY = YES;
				CLANG_WARN_ENUM_CONVERSION = YES;
				CLANG_WARN_INFINITE_RECURSION = YES;
				CLANG_WARN_INT_CONVERSION = YES;
				CLANG_WARN_NON_LITERAL_NULL_CONVERSION = YES;
				CLANG_WARN_OBJC_IMPLICIT_RETAIN_SELF = YES;
				CLANG_WARN_OBJC_LITERAL_CONVERSION = YES;
				CLANG_WARN_OBJC_ROOT_CLASS = YES_ERROR;
				CLANG_WARN_QUOTED_INCLUDE_IN_FRAMEWORK_HEADER = YES;
				CLANG_WARN_RANGE_LOOP_ANALYSIS = YES;
				CLANG_WARN_STRICT_PROTOTYPES = YES;
				CLANG_WARN_SUSPICIOUS_MOVE = YES;
				CLANG_WARN_UNGUARDED_AVAILABILITY = YES_AGGRESSIVE;
				CLANG_WARN_UNREACHABLE_CODE = YES;
				CLANG_WARN__DUPLICATE_METHOD_MATCH = YES;
				COPY_PHASE_STRIP = NO;
				DEBUG_INFORMATION_FORMAT = dwarf;
				ENABLE_STRICT_OBJC_MSGSEND = YES;
				ENABLE_TESTABILITY = YES;
				ENABLE_USER_SCRIPT_SANDBOXING = YES;
				GCC_C_LANGUAGE_STANDARD = gnu17;
				GCC_DYNAMIC_NO_PIC = NO;
				GCC_NO_COMMON_BLOCKS = YES;
				GCC_OPTIMIZATION_LEVEL = 0;
				GCC_PREPROCESSOR_DEFINITIONS = (
					"DEBUG=1",
					"$(inherited)",
				);
				GCC_WARN_64_TO_32_BIT_CONVERSION = YES;
				GCC_WARN_ABOUT_RETURN_TYPE = YES_ERROR;
				GCC_WARN_UNDECLARED_SELECTOR = YES;
				GCC_WARN_UNINITIALIZED_AUTOS = YES_AGGRESSIVE;
				GCC_WARN_UNUSED_FUNCTION = YES;
				GCC_WARN_UNUSED_VARIABLE = YES;
				IPHONEOS_DEPLOYMENT_TARGET = 17.2;
				LOCALIZATION_PREFERS_STRING_CATALOGS = YES;
				MTL_ENABLE_DEBUG_INFO = INCLUDE_SOURCE;
				MTL_FAST_MATH = YES;
				ONLY_ACTIVE_ARCH = YES;
				SDKROOT = iphoneos;
				SWIFT_ACTIVE_COMPILATION_CONDITIONS = "DEBUG $(inherited)";
				SWIFT_OPTIMIZATION_LEVEL = "-Onone";
			};
			name = Debug;
		};
		E41A8C402BC5ADDC00FBD971 /* Release */ = {
			isa = XCBuildConfiguration;
			buildSettings = {
				ALWAYS_SEARCH_USER_PATHS = NO;
				ASSETCATALOG_COMPILER_GENERATE_SWIFT_ASSET_SYMBOL_EXTENSIONS = YES;
				CLANG_ANALYZER_NONNULL = YES;
				CLANG_ANALYZER_NUMBER_OBJECT_CONVERSION = YES_AGGRESSIVE;
				CLANG_CXX_LANGUAGE_STANDARD = "gnu++20";
				CLANG_ENABLE_MODULES = YES;
				CLANG_ENABLE_OBJC_ARC = YES;
				CLANG_ENABLE_OBJC_WEAK = YES;
				CLANG_WARN_BLOCK_CAPTURE_AUTORELEASING = YES;
				CLANG_WARN_BOOL_CONVERSION = YES;
				CLANG_WARN_COMMA = YES;
				CLANG_WARN_CONSTANT_CONVERSION = YES;
				CLANG_WARN_DEPRECATED_OBJC_IMPLEMENTATIONS = YES;
				CLANG_WARN_DIRECT_OBJC_ISA_USAGE = YES_ERROR;
				CLANG_WARN_DOCUMENTATION_COMMENTS = YES;
				CLANG_WARN_EMPTY_BODY = YES;
				CLANG_WARN_ENUM_CONVERSION = YES;
				CLANG_WARN_INFINITE_RECURSION = YES;
				CLANG_WARN_INT_CONVERSION = YES;
				CLANG_WARN_NON_LITERAL_NULL_CONVERSION = YES;
				CLANG_WARN_OBJC_IMPLICIT_RETAIN_SELF = YES;
				CLANG_WARN_OBJC_LITERAL_CONVERSION = YES;
				CLANG_WARN_OBJC_ROOT_CLASS = YES_ERROR;
				CLANG_WARN_QUOTED_INCLUDE_IN_FRAMEWORK_HEADER = YES;
				CLANG_WARN_RANGE_LOOP_ANALYSIS = YES;
				CLANG_WARN_STRICT_PROTOTYPES = YES;
				CLANG_WARN_SUSPICIOUS_MOVE = YES;
				CLANG_WARN_UNGUARDED_AVAILABILITY = YES_AGGRESSIVE;
				CLANG_WARN_UNREACHABLE_CODE = YES;
				CLANG_WARN__DUPLICATE_METHOD_MATCH = YES;
				COPY_PHASE_STRIP = NO;
				DEBUG_INFORMATION_FORMAT = "dwarf-with-dsym";
				ENABLE_NS_ASSERTIONS = NO;
				ENABLE_STRICT_OBJC_MSGSEND = YES;
				ENABLE_USER_SCRIPT_SANDBOXING = YES;
				GCC_C_LANGUAGE_STANDARD = gnu17;
				GCC_NO_COMMON_BLOCKS = YES;
				GCC_WARN_64_TO_32_BIT_CONVERSION = YES;
				GCC_WARN_ABOUT_RETURN_TYPE = YES_ERROR;
				GCC_WARN_UNDECLARED_SELECTOR = YES;
				GCC_WARN_UNINITIALIZED_AUTOS = YES_AGGRESSIVE;
				GCC_WARN_UNUSED_FUNCTION = YES;
				GCC_WARN_UNUSED_VARIABLE = YES;
				IPHONEOS_DEPLOYMENT_TARGET = 17.2;
				LOCALIZATION_PREFERS_STRING_CATALOGS = YES;
				MTL_ENABLE_DEBUG_INFO = NO;
				MTL_FAST_MATH = YES;
				SDKROOT = iphoneos;
				SWIFT_COMPILATION_MODE = wholemodule;
				VALIDATE_PRODUCT = YES;
			};
			name = Release;
		};
		E41A8C422BC5ADDC00FBD971 /* Debug */ = {
			isa = XCBuildConfiguration;
			buildSettings = {
				ASSETCATALOG_COMPILER_APPICON_NAME = AppIcon;
				ASSETCATALOG_COMPILER_GLOBAL_ACCENT_COLOR_NAME = AccentColor;
				CODE_SIGN_STYLE = Automatic;
				CURRENT_PROJECT_VERSION = 1;
				DEVELOPMENT_ASSET_PATHS = "\"ContextFy/Preview Content\"";
				DEVELOPMENT_TEAM = PAY46QCZVF;
				ENABLE_PREVIEWS = YES;
				GENERATE_INFOPLIST_FILE = YES;
				INFOPLIST_KEY_UIApplicationSceneManifest_Generation = YES;
				INFOPLIST_KEY_UIApplicationSupportsIndirectInputEvents = YES;
				INFOPLIST_KEY_UILaunchScreen_Generation = YES;
				INFOPLIST_KEY_UISupportedInterfaceOrientations_iPad = "UIInterfaceOrientationPortrait UIInterfaceOrientationPortraitUpsideDown UIInterfaceOrientationLandscapeLeft UIInterfaceOrientationLandscapeRight";
				INFOPLIST_KEY_UISupportedInterfaceOrientations_iPhone = "UIInterfaceOrientationPortrait UIInterfaceOrientationLandscapeLeft UIInterfaceOrientationLandscapeRight";
				LD_RUNPATH_SEARCH_PATHS = (
					"$(inherited)",
					"@executable_path/Frameworks",
				);
				MARKETING_VERSION = 1.0;
				PRODUCT_BUNDLE_IDENTIFIER = Gabriel.Pagotto.ContextFy;
				PRODUCT_NAME = "$(TARGET_NAME)";
				SWIFT_EMIT_LOC_STRINGS = YES;
				SWIFT_VERSION = 5.0;
				TARGETED_DEVICE_FAMILY = "1,2";
			};
			name = Debug;
		};
		E41A8C432BC5ADDC00FBD971 /* Release */ = {
			isa = XCBuildConfiguration;
			buildSettings = {
				ASSETCATALOG_COMPILER_APPICON_NAME = AppIcon;
				ASSETCATALOG_COMPILER_GLOBAL_ACCENT_COLOR_NAME = AccentColor;
				CODE_SIGN_STYLE = Automatic;
				CURRENT_PROJECT_VERSION = 1;
				DEVELOPMENT_ASSET_PATHS = "\"ContextFy/Preview Content\"";
				DEVELOPMENT_TEAM = PAY46QCZVF;
				ENABLE_PREVIEWS = YES;
				GENERATE_INFOPLIST_FILE = YES;
				INFOPLIST_KEY_UIApplicationSceneManifest_Generation = YES;
				INFOPLIST_KEY_UIApplicationSupportsIndirectInputEvents = YES;
				INFOPLIST_KEY_UILaunchScreen_Generation = YES;
				INFOPLIST_KEY_UISupportedInterfaceOrientations_iPad = "UIInterfaceOrientationPortrait UIInterfaceOrientationPortraitUpsideDown UIInterfaceOrientationLandscapeLeft UIInterfaceOrientationLandscapeRight";
				INFOPLIST_KEY_UISupportedInterfaceOrientations_iPhone = "UIInterfaceOrientationPortrait UIInterfaceOrientationLandscapeLeft UIInterfaceOrientationLandscapeRight";
				LD_RUNPATH_SEARCH_PATHS = (
					"$(inherited)",
					"@executable_path/Frameworks",
				);
				MARKETING_VERSION = 1.0;
				PRODUCT_BUNDLE_IDENTIFIER = Gabriel.Pagotto.ContextFy;
				PRODUCT_NAME = "$(TARGET_NAME)";
				SWIFT_EMIT_LOC_STRINGS = YES;
				SWIFT_VERSION = 5.0;
				TARGETED_DEVICE_FAMILY = "1,2";
			};
			name = Release;
		};
/* End XCBuildConfiguration section */

/* Begin XCConfigurationList section */
		E41A8C2E2BC5ADDA00FBD971 /* Build configuration list for PBXProject "ContextFy" */ = {
			isa = XCConfigurationList;
			buildConfigurations = (
				E41A8C3F2BC5ADDC00FBD971 /* Debug */,
				E41A8C402BC5ADDC00FBD971 /* Release */,
			);
			defaultConfigurationIsVisible = 0;
			defaultConfigurationName = Release;
		};
		E41A8C412BC5ADDC00FBD971 /* Build configuration list for PBXNativeTarget "ContextFy" */ = {
			isa = XCConfigurationList;
			buildConfigurations = (
				E41A8C422BC5ADDC00FBD971 /* Debug */,
				E41A8C432BC5ADDC00FBD971 /* Release */,
			);
			defaultConfigurationIsVisible = 0;
			defaultConfigurationName = Release;
		};
/* End XCConfigurationList section */

/* Begin XCRemoteSwiftPackageReference section */
		E48D46C02CB86A4E003AE862 /* XCRemoteSwiftPackageReference "Alamofire" */ = {
			isa = XCRemoteSwiftPackageReference;
			repositoryURL = "https://github.com/Alamofire/Alamofire";
			requirement = {
				kind = upToNextMajorVersion;
				minimumVersion = 5.9.1;
			};
		};
/* End XCRemoteSwiftPackageReference section */

/* Begin XCSwiftPackageProductDependency section */
		E48D46C12CB86A4E003AE862 /* Alamofire */ = {
			isa = XCSwiftPackageProductDependency;
			package = E48D46C02CB86A4E003AE862 /* XCRemoteSwiftPackageReference "Alamofire" */;
			productName = Alamofire;
		};
		E48D46C32CB86A4E003AE862 /* AlamofireDynamic */ = {
			isa = XCSwiftPackageProductDependency;
			package = E48D46C02CB86A4E003AE862 /* XCRemoteSwiftPackageReference "Alamofire" */;
			productName = AlamofireDynamic;
		};
/* End XCSwiftPackageProductDependency section */
	};
	rootObject = E41A8C2B2BC5ADDA00FBD971 /* Project object */;
}
